
Microsoft Visual Studio Solution File, Format Version 12.00
# Visual Studio Version 17
VisualStudioVersion = 17.8.34408.163
MinimumVisualStudioVersion = 10.0.40219.1
Project("{FAE04EC0-301F-11D3-BF4B-00C04F79EFBC}") = "SingletonMultiThreadEx", "SingletonMultiThreadEx\SingletonMultiThreadEx.csproj", "{D037900C-D439-41C2-A1A9-058A5282AA9B}"
EndProject
Global
	GlobalSection(SolutionConfigurationPlatforms) = preSolution
		Debug|Any CPU = Debug|Any CPU
		Release|Any CPU = Release|Any CPU
	EndGlobalSection
	GlobalSection(ProjectConfigurationPlatforms) = postSolution
		{D037900C-D439-41C2-A1A9-058A5282AA9B}.Debug|Any CPU.ActiveCfg = Debug|Any CPU
		{D037900C-D439-41C2-A1A9-058A5282AA9B}.Debug|Any CPU.Build.0 = Debug|Any CPU
		{D037900C-D439-41C2-A1A9-058A5282AA9B}.Release|Any CPU.ActiveCfg = Release|Any CPU
		{D037900C-D439-41C2-A1A9-058A5282AA9B}.Release|Any CPU.Build.0 = Release|Any CPU
	EndGlobalSection
	GlobalSection(SolutionProperties) = preSolution
		HideSolutionNode = FALSE
	EndGlobalSection
	GlobalSection(ExtensibilityGlobals) = postSolution
		SolutionGuid = {31818A9D-2592-4945-B7D5-A2F643E5D12F}
	EndGlobalSection
EndGlobal
